
Microsoft Visual Studio Solution File, Format Version 12.00
# Visual Studio Version 17
VisualStudioVersion = 17.7.34202.233
MinimumVisualStudioVersion = 10.0.40219.1
Project("{9A19103F-16F7-4668-BE54-9A1E7A4F7556}") = "Data Integration", "Data Integration\Data Integration.csproj", "{E98DB4B8-3BE3-40A6-9343-4474B510A65E}"
EndProject
Global
	GlobalSection(SolutionConfigurationPlatforms) = preSolution
		Debug|Any CPU = Debug|Any CPU
		Release|Any CPU = Release|Any CPU
	EndGlobalSection
	GlobalSection(ProjectConfigurationPlatforms) = postSolution
		{E98DB4B8-3BE3-40A6-9343-4474B510A65E}.Debug|Any CPU.ActiveCfg = Debug|Any CPU
		{E98DB4B8-3BE3-40A6-9343-4474B510A65E}.Debug|Any CPU.Build.0 = Debug|Any CPU
		{E98DB4B8-3BE3-40A6-9343-4474B510A65E}.Release|Any CPU.ActiveCfg = Release|Any CPU
		{E98DB4B8-3BE3-40A6-9343-4474B510A65E}.Release|Any CPU.Build.0 = Release|Any CPU
	EndGlobalSection
	GlobalSection(SolutionProperties) = preSolution
		HideSolutionNode = FALSE
	EndGlobalSection
	GlobalSection(ExtensibilityGlobals) = postSolution
		SolutionGuid = {7B49F9DB-66A2-4970-B9A9-28A13F405864}
	EndGlobalSection
EndGlobal
